
Microsoft Visual Studio Solution File, Format Version 12.00
# Visual Studio Version 17
VisualStudioVersion = 17.3.32825.248
MinimumVisualStudioVersion = 10.0.40219.1
Project("{FAE04EC0-301F-11D3-BF4B-00C04F79EFBC}") = "Liker", "Liker\Liker.csproj", "{73ED3796-A17A-473C-BD67-30250BA6E715}"
EndProject
Project("{FAE04EC0-301F-11D3-BF4B-00C04F79EFBC}") = "Liker.Tests", "Liker.Tests\Liker.Tests.csproj", "{B77BCE9D-02B0-4B82-9A08-26F2D7CDEADC}"
EndProject
Global
	GlobalSection(SolutionConfigurationPlatforms) = preSolution
		Debug|Any CPU = Debug|Any CPU
		Release|Any CPU = Release|Any CPU
	EndGlobalSection
	GlobalSection(ProjectConfigurationPlatforms) = postSolution
		{73ED3796-A17A-473C-BD67-30250BA6E715}.Debug|Any CPU.ActiveCfg = Debug|Any CPU
		{73ED3796-A17A-473C-BD67-30250BA6E715}.Debug|Any CPU.Build.0 = Debug|Any CPU
		{73ED3796-A17A-473C-BD67-30250BA6E715}.Release|Any CPU.ActiveCfg = Release|Any CPU
		{73ED3796-A17A-473C-BD67-30250BA6E715}.Release|Any CPU.Build.0 = Release|Any CPU
		{B77BCE9D-02B0-4B82-9A08-26F2D7CDEADC}.Debug|Any CPU.ActiveCfg = Debug|Any CPU
		{B77BCE9D-02B0-4B82-9A08-26F2D7CDEADC}.Debug|Any CPU.Build.0 = Debug|Any CPU
		{B77BCE9D-02B0-4B82-9A08-26F2D7CDEADC}.Release|Any CPU.ActiveCfg = Release|Any CPU
		{B77BCE9D-02B0-4B82-9A08-26F2D7CDEADC}.Release|Any CPU.Build.0 = Release|Any CPU
	EndGlobalSection
	GlobalSection(SolutionProperties) = preSolution
		HideSolutionNode = FALSE
	EndGlobalSection
	GlobalSection(ExtensibilityGlobals) = postSolution
		SolutionGuid = {324FD417-5A22-464B-A464-508AF475CC23}
	EndGlobalSection
EndGlobal
